{
  "version": 1,
  "dependencies": {
    "net10.0": {
      "Microsoft.Build.Framework": {
        "type": "Direct",
        "requested": "[18.9.6, )",
        "resolved": "18.9.6",
        "contentHash": "P5y8IAhu6UyN6FtzfN4sCNZEQGyV6S4kSTBYldtzB9bzvgdCBBKjsS6epH5aJVFM0q1yJqa8RaTzr1iEJBwIMA==",
        "dependencies": {
          "Microsoft.NET.StringTools": "18.9.6"
        }
      },
      "Microsoft.Build.Utilities.Core": {
        "type": "Direct",
        "requested": "[18.9.6, )",
        "resolved": "18.9.6",
        "contentHash": "BkU2irGHBdkULHzLmEObQCjOz7x+3unHkcmGa+BlTXyEFyj4wupcSAG3E0SlzpeF9s3ViSLbhjNDMHwMxC/Ugg==",
        "dependencies": {
          "Microsoft.Build.Framework": "18.9.6",
          "System.Configuration.ConfigurationManager": "10.0.8",
          "System.Diagnostics.EventLog": "10.0.8",
          "System.Security.Cryptography.ProtectedData": "10.0.8"
        }
      },
      "Microsoft.NET.StringTools": {
        "type": "Direct",
        "requested": "[18.9.6, )",
        "resolved": "18.9.6",
        "contentHash": "CNZfh4P65tHm1Wh/uuIbYfvHlPnb0dJ9SCaIZbXRzOMn+8JEorSqSdXdGRsrDbKBDJfNG6nmgleYhnfL2pd1oQ=="
      },
      "Microsoft.SourceLink.GitHub": {
        "type": "Direct",
        "requested": "[10.0.400, )",
        "resolved": "10.0.400",
        "contentHash": "N1Ut0+EmMb2Tma9spHxAgpCspkln4gst1RWYc1PYPn8LA4KJWDSiggKpE183lfR98TNG2C+XnJ71zSYtuCSsqA==",
        "dependencies": {
          "Microsoft.Build.Tasks.Git": "10.0.400",
          "Microsoft.SourceLink.Common": "10.0.400",
          "System.IO.Hashing": "10.0.11"
        }
      },
      "System.IO.Hashing": {
        "type": "Direct",
        "requested": "[10.0.11, )",
        "resolved": "10.0.11",
        "contentHash": "OzKDcIRkeNJeC8qAsbn8yJXnfTLP1dtkWILe+T56Gf/z+IkAASi7sMqLqJQat08j5z/mRN5xVtoAwbkMNMoBUQ=="
      },
      "System.Text.Json": {
        "type": "Direct",
        "requested": "[10.0.11, )",
        "resolved": "10.0.11",
        "contentHash": "X2rXQy7g8KEUvWVbAz6vOk6byI1eMgmzFeXbKxq4BfZCfFy5S91K+K+hd4ZBlSp0wL1Y8FyGRXs6+hvABTjwQw=="
      },
      "Microsoft.Build.Tasks.Git": {
        "type": "Transitive",
        "resolved": "10.0.400",
        "contentHash": "uXJ/eBDqAo9HlyPjvvvynjHb59KXQWG9txpBzyI1drO6MV3Lhndt2yhxuMKvIga4kND2UKc3xCNXlXBhWU8Hlg==",
        "dependencies": {
          "System.IO.Hashing": "10.0.11"
        }
      },
      "Microsoft.SourceLink.Common": {
        "type": "Transitive",
        "resolved": "10.0.400",
        "contentHash": "Knli3Y2k/rdBqUlQ8TP+Sbd0J0jV/0kvgLsxieowoVayioZ0JGfqb9go+/dQJqtU53i6IpZzRxAPxbBT5UJBNg=="
      },
      "System.Configuration.ConfigurationManager": {
        "type": "Transitive",
        "resolved": "10.0.8",
        "contentHash": "QG+HHwJjLyUiRuA9axr5pDqHAxboo7FXCTRakxMABE9CUAUij/tsd/MsgQPJUEppkf+YBLT+F/P/wKIVCAIcNg==",
        "dependencies": {
          "System.Diagnostics.EventLog": "10.0.8",
          "System.Security.Cryptography.ProtectedData": "10.0.8"
        }
      },
      "System.Diagnostics.EventLog": {
        "type": "Transitive",
        "resolved": "10.0.8",
        "contentHash": "+Ro7WgIom+BDNH+YhTuZKL6QJ0ctfOpTyfUG/h3aU5KwXt3OaNf0wYWrTvoBUj+34Dy5V8dN9yCco1hAJQ4txw=="
      },
      "System.Security.Cryptography.ProtectedData": {
        "type": "Transitive",
        "resolved": "10.0.8",
        "contentHash": "/ldVgSfImIBp6fLWS7sLH0BnmtFj0ZwGlZo4Xx2q0K3ZhJNDbW45kj2f6zPoC+L+BTINuHdMzTsopuwmkbgcNA=="
      }
    }
  }
}