{
  "version": 1,
  "dependencies": {
    "net10.0": {
      "Microsoft.Build.Framework": {
        "type": "Direct",
        "requested": "[18.7.1, )",
        "resolved": "18.7.1",
        "contentHash": "OkLtppCHnD0hrfeTQDZNSe6oxYW2/1qKmtE/iyF8ZzsdC541Txv0pUGrDZQTNr0E/OYxzpt5oVHqR26A6mzYnw==",
        "dependencies": {
          "Microsoft.NET.StringTools": "18.7.1"
        }
      },
      "Microsoft.Build.Utilities.Core": {
        "type": "Direct",
        "requested": "[18.7.1, )",
        "resolved": "18.7.1",
        "contentHash": "qxESKA3linJoBtnZMJ1w7ykrr8vzINDzEoCpAFWrqvzuXedPVUMq6t82xYueyAeAZsbOTpi/lrWk7o8FcJIBMw==",
        "dependencies": {
          "Microsoft.Build.Framework": "18.7.1",
          "System.Configuration.ConfigurationManager": "10.0.4",
          "System.Diagnostics.EventLog": "10.0.4",
          "System.Security.Cryptography.ProtectedData": "10.0.4"
        }
      },
      "Microsoft.NET.StringTools": {
        "type": "Direct",
        "requested": "[18.7.1, )",
        "resolved": "18.7.1",
        "contentHash": "OhuO9c4ZqYBaqB7INwOpDLa7wX0VkR2T3MhjUSsPebLvZi0/Z7QzeeD5uiINd9L9Wev+EwvNUiF3N2hWVtdFPQ=="
      },
      "Microsoft.SourceLink.GitHub": {
        "type": "Direct",
        "requested": "[10.0.300, )",
        "resolved": "10.0.300",
        "contentHash": "QzCtLkXVb3l4IxcpvJCbzUwMLihAmLN6vVLjQGSzYSF8d2dvXxqJAZk83RV3gYnp2egz8jRMgSR2woY3vOahTA==",
        "dependencies": {
          "Microsoft.Build.Tasks.Git": "10.0.300",
          "Microsoft.SourceLink.Common": "10.0.300",
          "System.IO.Hashing": "10.0.8"
        }
      },
      "System.IO.Hashing": {
        "type": "Direct",
        "requested": "[10.0.9, )",
        "resolved": "10.0.9",
        "contentHash": "vixglGnKEexAJDeIRhyayZYzxyrgK1K9GU3K/zRZVwDbaDcMkSqj4WDHoVmQMNfsdUtLALfNSJw6mBIpdxie4A=="
      },
      "System.Text.Json": {
        "type": "Direct",
        "requested": "[10.0.9, )",
        "resolved": "10.0.9",
        "contentHash": "mD4f7hUvjXEbLAnROibQswbYguGnfzN17gtkuqAHU1a0gJsqe7LXtV+0tItJsYrCBBpPYHiHFlLtjzG2ZEt5uQ=="
      },
      "Microsoft.Build.Tasks.Git": {
        "type": "Transitive",
        "resolved": "10.0.300",
        "contentHash": "P0kaQwVZx4xIUe2FtrLyBadYNXuAljttJUPvjBYRuHhPE8L77L42KakLDkaADRiUrGspoLcMwayjrbQhYTr0zA==",
        "dependencies": {
          "System.IO.Hashing": "10.0.8"
        }
      },
      "Microsoft.SourceLink.Common": {
        "type": "Transitive",
        "resolved": "10.0.300",
        "contentHash": "0jlkXaUGjYlWTIVPve5MftjKHnT3SlAtq9BCLV4J9IjdPrxV/+4rMlBSjfr1khG8/GC6KGojjola8E1VvWF0qQ=="
      },
      "System.Configuration.ConfigurationManager": {
        "type": "Transitive",
        "resolved": "10.0.4",
        "contentHash": "4u3HLMYQqnTIF26VUiKhSuXtjFIvEfnwK9ZBUa4bXEc1koQCCkZx6ss5urKjqqimJMtuPHDKPHDchxkgoDNhjQ==",
        "dependencies": {
          "System.Diagnostics.EventLog": "10.0.4",
          "System.Security.Cryptography.ProtectedData": "10.0.4"
        }
      },
      "System.Diagnostics.EventLog": {
        "type": "Transitive",
        "resolved": "10.0.4",
        "contentHash": "xXo5NcIPeMUMfpo9Efl/3Rgomjb/Jfa3Aa0BgSfqYctN4YpwjPzvIrnD9JTwoKqe3pFtLF9vmtMl892+wwZ6EA=="
      },
      "System.Security.Cryptography.ProtectedData": {
        "type": "Transitive",
        "resolved": "10.0.4",
        "contentHash": "LmDnaYkcWkZSlZ07L7YcB6bH8sCiBZ7j28kPbYiXdF6f0iUiN7rxsRORlZGdj5saN/wZIqvF7lDBn/cpjU+e2g=="
      }
    },
    "net8.0": {
      "Microsoft.Build.Framework": {
        "type": "Direct",
        "requested": "[18.7.1, )",
        "resolved": "18.7.1",
        "contentHash": "OkLtppCHnD0hrfeTQDZNSe6oxYW2/1qKmtE/iyF8ZzsdC541Txv0pUGrDZQTNr0E/OYxzpt5oVHqR26A6mzYnw==",
        "dependencies": {
          "Microsoft.NET.StringTools": "18.7.1"
        }
      },
      "Microsoft.Build.Utilities.Core": {
        "type": "Direct",
        "requested": "[18.7.1, )",
        "resolved": "18.7.1",
        "contentHash": "qxESKA3linJoBtnZMJ1w7ykrr8vzINDzEoCpAFWrqvzuXedPVUMq6t82xYueyAeAZsbOTpi/lrWk7o8FcJIBMw==",
        "dependencies": {
          "Microsoft.Build.Framework": "18.7.1"
        }
      },
      "Microsoft.NET.StringTools": {
        "type": "Direct",
        "requested": "[18.7.1, )",
        "resolved": "18.7.1",
        "contentHash": "OhuO9c4ZqYBaqB7INwOpDLa7wX0VkR2T3MhjUSsPebLvZi0/Z7QzeeD5uiINd9L9Wev+EwvNUiF3N2hWVtdFPQ=="
      },
      "Microsoft.SourceLink.GitHub": {
        "type": "Direct",
        "requested": "[10.0.300, )",
        "resolved": "10.0.300",
        "contentHash": "QzCtLkXVb3l4IxcpvJCbzUwMLihAmLN6vVLjQGSzYSF8d2dvXxqJAZk83RV3gYnp2egz8jRMgSR2woY3vOahTA==",
        "dependencies": {
          "Microsoft.Build.Tasks.Git": "10.0.300",
          "Microsoft.SourceLink.Common": "10.0.300",
          "System.IO.Hashing": "10.0.8"
        }
      },
      "System.IO.Hashing": {
        "type": "Direct",
        "requested": "[10.0.9, )",
        "resolved": "10.0.9",
        "contentHash": "vixglGnKEexAJDeIRhyayZYzxyrgK1K9GU3K/zRZVwDbaDcMkSqj4WDHoVmQMNfsdUtLALfNSJw6mBIpdxie4A=="
      },
      "System.Text.Json": {
        "type": "Direct",
        "requested": "[10.0.9, )",
        "resolved": "10.0.9",
        "contentHash": "mD4f7hUvjXEbLAnROibQswbYguGnfzN17gtkuqAHU1a0gJsqe7LXtV+0tItJsYrCBBpPYHiHFlLtjzG2ZEt5uQ==",
        "dependencies": {
          "System.IO.Pipelines": "10.0.9",
          "System.Text.Encodings.Web": "10.0.9"
        }
      },
      "Microsoft.Build.Tasks.Git": {
        "type": "Transitive",
        "resolved": "10.0.300",
        "contentHash": "P0kaQwVZx4xIUe2FtrLyBadYNXuAljttJUPvjBYRuHhPE8L77L42KakLDkaADRiUrGspoLcMwayjrbQhYTr0zA==",
        "dependencies": {
          "System.IO.Hashing": "10.0.8"
        }
      },
      "Microsoft.SourceLink.Common": {
        "type": "Transitive",
        "resolved": "10.0.300",
        "contentHash": "0jlkXaUGjYlWTIVPve5MftjKHnT3SlAtq9BCLV4J9IjdPrxV/+4rMlBSjfr1khG8/GC6KGojjola8E1VvWF0qQ=="
      },
      "System.IO.Pipelines": {
        "type": "Transitive",
        "resolved": "10.0.9",
        "contentHash": "raEAXJHu1ERuQnLhfaMUhK19A+i/CLHH5tFWi+azKxq2O4kzgvdeNuZTzMzyT7pyM1+zE2Pqb2g/DXJsuPp/LQ=="
      },
      "System.Text.Encodings.Web": {
        "type": "Transitive",
        "resolved": "10.0.9",
        "contentHash": "65bbI+LWcVgq1mzPtv6bJF+ZXeeIawld/puK9ixD1l3gJGM2IU4gkYbZoKLVjsXJXbrZqSRf86RlKf1TcCTY1Q=="
      }
    },
    "net9.0": {
      "Microsoft.Build.Framework": {
        "type": "Direct",
        "requested": "[18.7.1, )",
        "resolved": "18.7.1",
        "contentHash": "OkLtppCHnD0hrfeTQDZNSe6oxYW2/1qKmtE/iyF8ZzsdC541Txv0pUGrDZQTNr0E/OYxzpt5oVHqR26A6mzYnw==",
        "dependencies": {
          "Microsoft.NET.StringTools": "18.7.1"
        }
      },
      "Microsoft.Build.Utilities.Core": {
        "type": "Direct",
        "requested": "[18.7.1, )",
        "resolved": "18.7.1",
        "contentHash": "qxESKA3linJoBtnZMJ1w7ykrr8vzINDzEoCpAFWrqvzuXedPVUMq6t82xYueyAeAZsbOTpi/lrWk7o8FcJIBMw==",
        "dependencies": {
          "Microsoft.Build.Framework": "18.7.1"
        }
      },
      "Microsoft.NET.StringTools": {
        "type": "Direct",
        "requested": "[18.7.1, )",
        "resolved": "18.7.1",
        "contentHash": "OhuO9c4ZqYBaqB7INwOpDLa7wX0VkR2T3MhjUSsPebLvZi0/Z7QzeeD5uiINd9L9Wev+EwvNUiF3N2hWVtdFPQ=="
      },
      "Microsoft.SourceLink.GitHub": {
        "type": "Direct",
        "requested": "[10.0.300, )",
        "resolved": "10.0.300",
        "contentHash": "QzCtLkXVb3l4IxcpvJCbzUwMLihAmLN6vVLjQGSzYSF8d2dvXxqJAZk83RV3gYnp2egz8jRMgSR2woY3vOahTA==",
        "dependencies": {
          "Microsoft.Build.Tasks.Git": "10.0.300",
          "Microsoft.SourceLink.Common": "10.0.300",
          "System.IO.Hashing": "10.0.8"
        }
      },
      "System.IO.Hashing": {
        "type": "Direct",
        "requested": "[10.0.9, )",
        "resolved": "10.0.9",
        "contentHash": "vixglGnKEexAJDeIRhyayZYzxyrgK1K9GU3K/zRZVwDbaDcMkSqj4WDHoVmQMNfsdUtLALfNSJw6mBIpdxie4A=="
      },
      "System.Text.Json": {
        "type": "Direct",
        "requested": "[10.0.9, )",
        "resolved": "10.0.9",
        "contentHash": "mD4f7hUvjXEbLAnROibQswbYguGnfzN17gtkuqAHU1a0gJsqe7LXtV+0tItJsYrCBBpPYHiHFlLtjzG2ZEt5uQ==",
        "dependencies": {
          "System.IO.Pipelines": "10.0.9",
          "System.Text.Encodings.Web": "10.0.9"
        }
      },
      "Microsoft.Build.Tasks.Git": {
        "type": "Transitive",
        "resolved": "10.0.300",
        "contentHash": "P0kaQwVZx4xIUe2FtrLyBadYNXuAljttJUPvjBYRuHhPE8L77L42KakLDkaADRiUrGspoLcMwayjrbQhYTr0zA==",
        "dependencies": {
          "System.IO.Hashing": "10.0.8"
        }
      },
      "Microsoft.SourceLink.Common": {
        "type": "Transitive",
        "resolved": "10.0.300",
        "contentHash": "0jlkXaUGjYlWTIVPve5MftjKHnT3SlAtq9BCLV4J9IjdPrxV/+4rMlBSjfr1khG8/GC6KGojjola8E1VvWF0qQ=="
      },
      "System.IO.Pipelines": {
        "type": "Transitive",
        "resolved": "10.0.9",
        "contentHash": "raEAXJHu1ERuQnLhfaMUhK19A+i/CLHH5tFWi+azKxq2O4kzgvdeNuZTzMzyT7pyM1+zE2Pqb2g/DXJsuPp/LQ=="
      },
      "System.Text.Encodings.Web": {
        "type": "Transitive",
        "resolved": "10.0.9",
        "contentHash": "65bbI+LWcVgq1mzPtv6bJF+ZXeeIawld/puK9ixD1l3gJGM2IU4gkYbZoKLVjsXJXbrZqSRf86RlKf1TcCTY1Q=="
      }
    }
  }
}